// !$*UTF8*$!
{
	archiveVersion = 1;
	classes = {
	};
	objectVersion = 46;
	objects = {

/* Begin PBXBuildFile section */
		271288D71E5A9FBC00DCB546 /* main.m in Sources */ = {isa = PBXBuildFile; fileRef = 271288D61E5A9FBC00DCB546 /* main.m */; };
		271288DA1E5A9FBC00DCB546 /* AppDelegate.m in Sources */ = {isa = PBXBuildFile; fileRef = 271288D91E5A9FBC00DCB546 /* AppDelegate.m */; };
		271288E01E5A9FBC00DCB546 /* Main.storyboard in Resources */ = {isa = PBXBuildFile; fileRef = 271288DE1E5A9FBC00DCB546 /* Main.storyboard */; };
		271288E21E5A9FBC00DCB546 /* Assets.xcassets in Resources */ = {isa = PBXBuildFile; fileRef = 271288E11E5A9FBC00DCB546 /* Assets.xcassets */; };
		271288E51E5A9FBC00DCB546 /* LaunchScreen.storyboard in Resources */ = {isa = PBXBuildFile; fileRef = 271288E31E5A9FBC00DCB546 /* LaunchScreen.storyboard */; };
		271288F01E5A9FBC00DCB546 /* milierTests.m in Sources */ = {isa = PBXBuildFile; fileRef = 271288EF1E5A9FBC00DCB546 /* milierTests.m */; };
		271288FB1E5A9FBC00DCB546 /* milierUITests.m in Sources */ = {isa = PBXBuildFile; fileRef = 271288FA1E5A9FBC00DCB546 /* milierUITests.m */; };
		2755DA5A1E5BCFEF00C75656 /* FirstViewController.m in Sources */ = {isa = PBXBuildFile; fileRef = 2755DA591E5BCFEF00C75656 /* FirstViewController.m */; };
		2755DA5D1E5BD00600C75656 /* SecondViewController.m in Sources */ = {isa = PBXBuildFile; fileRef = 2755DA5C1E5BD00600C75656 /* SecondViewController.m */; };
		2755DA601E5BD01800C75656 /* ThirdViewController.m in Sources */ = {isa = PBXBuildFile; fileRef = 2755DA5F1E5BD01800C75656 /* ThirdViewController.m */; };
		2755DA631E5BD02700C75656 /* FourViewController.m in Sources */ = {isa = PBXBuildFile; fileRef = 2755DA621E5BD02700C75656 /* FourViewController.m */; };
		2755DA791E5BD45500C75656 /* first_normal.png in Resources */ = {isa = PBXBuildFile; fileRef = 2755DA651E5BD45500C75656 /* first_normal.png */; };
		2755DA7A1E5BD45500C75656 /* first_normal@2x.png in Resources */ = {isa = PBXBuildFile; fileRef = 2755DA661E5BD45500C75656 /* first_normal@2x.png */; };
		2755DA7B1E5BD45500C75656 /* first_selected.png in Resources */ = {isa = PBXBuildFile; fileRef = 2755DA671E5BD45500C75656 /* first_selected.png */; };
		2755DA7C1E5BD45500C75656 /* first_selected@2x.png in Resources */ = {isa = PBXBuildFile; fileRef = 2755DA681E5BD45500C75656 /* first_selected@2x.png */; };
		2755DA7D1E5BD45500C75656 /* navigationbar_background.png in Resources */ = {isa = PBXBuildFile; fileRef = 2755DA691E5BD45500C75656 /* navigationbar_background.png */; };
		2755DA7E1E5BD45500C75656 /* navigationbar_background@2x.png in Resources */ = {isa = PBXBuildFile; fileRef = 2755DA6A1E5BD45500C75656 /* navigationbar_background@2x.png */; };
		2755DA7F1E5BD45500C75656 /* navigationbar_background_tall.png in Resources */ = {isa = PBXBuildFile; fileRef = 2755DA6B1E5BD45500C75656 /* navigationbar_background_tall.png */; };
		2755DA801E5BD45500C75656 /* navigationbar_background_tall@2x.png in Resources */ = {isa = PBXBuildFile; fileRef = 2755DA6C1E5BD45500C75656 /* navigationbar_background_tall@2x.png */; };
		2755DA811E5BD45500C75656 /* second_normal.png in Resources */ = {isa = PBXBuildFile; fileRef = 2755DA6D1E5BD45500C75656 /* second_normal.png */; };
		2755DA821E5BD45500C75656 /* second_normal@2x.png in Resources */ = {isa = PBXBuildFile; fileRef = 2755DA6E1E5BD45500C75656 /* second_normal@2x.png */; };
		2755DA831E5BD45500C75656 /* second_selected.png in Resources */ = {isa = PBXBuildFile; fileRef = 2755DA6F1E5BD45500C75656 /* second_selected.png */; };
		2755DA841E5BD45500C75656 /* second_selected@2x.png in Resources */ = {isa = PBXBuildFile; fileRef = 2755DA701E5BD45500C75656 /* second_selected@2x.png */; };
		2755DA851E5BD45500C75656 /* tabbar_normal_background.png in Resources */ = {isa = PBXBuildFile; fileRef = 2755DA711E5BD45500C75656 /* tabbar_normal_background.png */; };
		2755DA861E5BD45500C75656 /* tabbar_normal_background@2x.png in Resources */ = {isa = PBXBuildFile; fileRef = 2755DA721E5BD45500C75656 /* tabbar_normal_background@2x.png */; };
		2755DA871E5BD45500C75656 /* tabbar_selected_background.png in Resources */ = {isa = PBXBuildFile; fileRef = 2755DA731E5BD45500C75656 /* tabbar_selected_background.png */; };
		2755DA881E5BD45500C75656 /* tabbar_selected_background@2x.png in Resources */ = {isa = PBXBuildFile; fileRef = 2755DA741E5BD45500C75656 /* tabbar_selected_background@2x.png */; };
		2755DA891E5BD45500C75656 /* third_normal.png in Resources */ = {isa = PBXBuildFile; fileRef = 2755DA751E5BD45500C75656 /* third_normal.png */; };
		2755DA8A1E5BD45500C75656 /* third_normal@2x.png in Resources */ = {isa = PBXBuildFile; fileRef = 2755DA761E5BD45500C75656 /* third_normal@2x.png */; };
		2755DA8B1E5BD45500C75656 /* third_selected.png in Resources */ = {isa = PBXBuildFile; fileRef = 2755DA771E5BD45500C75656 /* third_selected.png */; };
		2755DA8C1E5BD45500C75656 /* third_selected@2x.png in Resources */ = {isa = PBXBuildFile; fileRef = 2755DA781E5BD45500C75656 /* third_selected@2x.png */; };
		2755DA901E5C144700C75656 /* loginViewController.m in Sources */ = {isa = PBXBuildFile; fileRef = 2755DA8F1E5C144700C75656 /* loginViewController.m */; };
		4ABB668C076DC3E8F9BC022E /* libPods-milier.a in Frameworks */ = {isa = PBXBuildFile; fileRef = 38A9AE1AE207D4E6A4096484 /* libPods-milier.a */; };
/* End PBXBuildFile section */

/* Begin PBXContainerItemProxy section */
		271288EC1E5A9FBC00DCB546 /* PBXContainerItemProxy */ = {
			isa = PBXContainerItemProxy;
			containerPortal = 271288CA1E5A9FBC00DCB546 /* Project object */;
			proxyType = 1;
			remoteGlobalIDString = 271288D11E5A9FBC00DCB546;
			remoteInfo = milier;
		};
		271288F71E5A9FBC00DCB546 /* PBXContainerItemProxy */ = {
			isa = PBXContainerItemProxy;
			containerPortal = 271288CA1E5A9FBC00DCB546 /* Project object */;
			proxyType = 1;
			remoteGlobalIDString = 271288D11E5A9FBC00DCB546;
			remoteInfo = milier;
		};
/* End PBXContainerItemProxy section */

/* Begin PBXFileReference section */
		11FB59BCACF319A9D7ADE77E /* Pods-milier.debug.xcconfig */ = {isa = PBXFileReference; includeInIndex = 1; lastKnownFileType = text.xcconfig; name = "Pods-milier.debug.xcconfig"; path = "Pods/Target Support Files/Pods-milier/Pods-milier.debug.xcconfig"; sourceTree = "<group>"; };
		271288D21E5A9FBC00DCB546 /* milier.app */ = {isa = PBXFileReference; explicitFileType = wrapper.application; includeInIndex = 0; path = milier.app; sourceTree = BUILT_PRODUCTS_DIR; };
		271288D61E5A9FBC00DCB546 /* main.m */ = {isa = PBXFileReference; lastKnownFileType = sourcecode.c.objc; path = main.m; sourceTree = "<group>"; };
		271288D81E5A9FBC00DCB546 /* AppDelegate.h */ = {isa = PBXFileReference; lastKnownFileType = sourcecode.c.h; path = AppDelegate.h; sourceTree = "<group>"; };
		271288D91E5A9FBC00DCB546 /* AppDelegate.m */ = {isa = PBXFileReference; lastKnownFileType = sourcecode.c.objc; path = AppDelegate.m; sourceTree = "<group>"; };
		271288DF1E5A9FBC00DCB546 /* Base */ = {isa = PBXFileReference; lastKnownFileType = file.storyboard; name = Base; path = Base.lproj/Main.storyboard; sourceTree = "<group>"; };
		271288E11E5A9FBC00DCB546 /* Assets.xcassets */ = {isa = PBXFileReference; lastKnownFileType = folder.assetcatalog; path = Assets.xcassets; sourceTree = "<group>"; };
		271288E41E5A9FBC00DCB546 /* Base */ = {isa = PBXFileReference; lastKnownFileType = file.storyboard; name = Base; path = Base.lproj/LaunchScreen.storyboard; sourceTree = "<group>"; };
		271288E61E5A9FBC00DCB546 /* Info.plist */ = {isa = PBXFileReference; lastKnownFileType = text.plist.xml; path = Info.plist; sourceTree = "<group>"; };
		271288EB1E5A9FBC00DCB546 /* milierTests.xctest */ = {isa = PBXFileReference; explicitFileType = wrapper.cfbundle; includeInIndex = 0; path = milierTests.xctest; sourceTree = BUILT_PRODUCTS_DIR; };
		271288EF1E5A9FBC00DCB546 /* milierTests.m */ = {isa = PBXFileReference; lastKnownFileType = sourcecode.c.objc; path = milierTests.m; sourceTree = "<group>"; };
		271288F11E5A9FBC00DCB546 /* Info.plist */ = {isa = PBXFileReference; lastKnownFileType = text.plist.xml; path = Info.plist; sourceTree = "<group>"; };
		271288F61E5A9FBC00DCB546 /* milierUITests.xctest */ = {isa = PBXFileReference; explicitFileType = wrapper.cfbundle; includeInIndex = 0; path = milierUITests.xctest; sourceTree = BUILT_PRODUCTS_DIR; };
		271288FA1E5A9FBC00DCB546 /* milierUITests.m */ = {isa = PBXFileReference; lastKnownFileType = sourcecode.c.objc; path = milierUITests.m; sourceTree = "<group>"; };
		271288FC1E5A9FBC00DCB546 /* Info.plist */ = {isa = PBXFileReference; lastKnownFileType = text.plist.xml; path = Info.plist; sourceTree = "<group>"; };
		2755DA581E5BCFEF00C75656 /* FirstViewController.h */ = {isa = PBXFileReference; fileEncoding = 4; lastKnownFileType = sourcecode.c.h; path = FirstViewController.h; sourceTree = "<group>"; };
		2755DA591E5BCFEF00C75656 /* FirstViewController.m */ = {isa = PBXFileReference; fileEncoding = 4; lastKnownFileType = sourcecode.c.objc; path = FirstViewController.m; sourceTree = "<group>"; };
		2755DA5B1E5BD00600C75656 /* SecondViewController.h */ = {isa = PBXFileReference; fileEncoding = 4; lastKnownFileType = sourcecode.c.h; path = SecondViewController.h; sourceTree = "<group>"; };
		2755DA5C1E5BD00600C75656 /* SecondViewController.m */ = {isa = PBXFileReference; fileEncoding = 4; lastKnownFileType = sourcecode.c.objc; path = SecondViewController.m; sourceTree = "<group>"; };
		2755DA5E1E5BD01800C75656 /* ThirdViewController.h */ = {isa = PBXFileReference; fileEncoding = 4; lastKnownFileType = sourcecode.c.h; path = ThirdViewController.h; sourceTree = "<group>"; };
		2755DA5F1E5BD01800C75656 /* ThirdViewController.m */ = {isa = PBXFileReference; fileEncoding = 4; lastKnownFileType = sourcecode.c.objc; path = ThirdViewController.m; sourceTree = "<group>"; };
		2755DA611E5BD02700C75656 /* FourViewController.h */ = {isa = PBXFileReference; fileEncoding = 4; lastKnownFileType = sourcecode.c.h; path = FourViewController.h; sourceTree = "<group>"; };
		2755DA621E5BD02700C75656 /* FourViewController.m */ = {isa = PBXFileReference; fileEncoding = 4; lastKnownFileType = sourcecode.c.objc; path = FourViewController.m; sourceTree = "<group>"; };
		2755DA651E5BD45500C75656 /* first_normal.png */ = {isa = PBXFileReference; lastKnownFileType = image.png; path = first_normal.png; sourceTree = "<group>"; };
		2755DA661E5BD45500C75656 /* first_normal@2x.png */ = {isa = PBXFileReference; lastKnownFileType = image.png; path = "first_normal@2x.png"; sourceTree = "<group>"; };
		2755DA671E5BD45500C75656 /* first_selected.png */ = {isa = PBXFileReference; lastKnownFileType = image.png; path = first_selected.png; sourceTree = "<group>"; };
		2755DA681E5BD45500C75656 /* first_selected@2x.png */ = {isa = PBXFileReference; lastKnownFileType = image.png; path = "first_selected@2x.png"; sourceTree = "<group>"; };
		2755DA691E5BD45500C75656 /* navigationbar_background.png */ = {isa = PBXFileReference; lastKnownFileType = image.png; path = navigationbar_background.png; sourceTree = "<group>"; };
		2755DA6A1E5BD45500C75656 /* navigationbar_background@2x.png */ = {isa = PBXFileReference; lastKnownFileType = image.png; path = "navigationbar_background@2x.png"; sourceTree = "<group>"; };
		2755DA6B1E5BD45500C75656 /* navigationbar_background_tall.png */ = {isa = PBXFileReference; lastKnownFileType = image.png; path = navigationbar_background_tall.png; sourceTree = "<group>"; };
		2755DA6C1E5BD45500C75656 /* navigationbar_background_tall@2x.png */ = {isa = PBXFileReference; lastKnownFileType = image.png; path = "navigationbar_background_tall@2x.png"; sourceTree = "<group>"; };
		2755DA6D1E5BD45500C75656 /* second_normal.png */ = {isa = PBXFileReference; lastKnownFileType = image.png; path = second_normal.png; sourceTree = "<group>"; };
		2755DA6E1E5BD45500C75656 /* second_normal@2x.png */ = {isa = PBXFileReference; lastKnownFileType = image.png; path = "second_normal@2x.png"; sourceTree = "<group>"; };
		2755DA6F1E5BD45500C75656 /* second_selected.png */ = {isa = PBXFileReference; lastKnownFileType = image.png; path = second_selected.png; sourceTree = "<group>"; };
		2755DA701E5BD45500C75656 /* second_selected@2x.png */ = {isa = PBXFileReference; lastKnownFileType = image.png; path = "second_selected@2x.png"; sourceTree = "<group>"; };
		2755DA711E5BD45500C75656 /* tabbar_normal_background.png */ = {isa = PBXFileReference; lastKnownFileType = image.png; path = tabbar_normal_background.png; sourceTree = "<group>"; };
		2755DA721E5BD45500C75656 /* tabbar_normal_background@2x.png */ = {isa = PBXFileReference; lastKnownFileType = image.png; path = "tabbar_normal_background@2x.png"; sourceTree = "<group>"; };
		2755DA731E5BD45500C75656 /* tabbar_selected_background.png */ = {isa = PBXFileReference; lastKnownFileType = image.png; path = tabbar_selected_background.png; sourceTree = "<group>"; };
		2755DA741E5BD45500C75656 /* tabbar_selected_background@2x.png */ = {isa = PBXFileReference; lastKnownFileType = image.png; path = "tabbar_selected_background@2x.png"; sourceTree = "<group>"; };
		2755DA751E5BD45500C75656 /* third_normal.png */ = {isa = PBXFileReference; lastKnownFileType = image.png; path = third_normal.png; sourceTree = "<group>"; };
		2755DA761E5BD45500C75656 /* third_normal@2x.png */ = {isa = PBXFileReference; lastKnownFileType = image.png; path = "third_normal@2x.png"; sourceTree = "<group>"; };
		2755DA771E5BD45500C75656 /* third_selected.png */ = {isa = PBXFileReference; lastKnownFileType = image.png; path = third_selected.png; sourceTree = "<group>"; };
		2755DA781E5BD45500C75656 /* third_selected@2x.png */ = {isa = PBXFileReference; lastKnownFileType = image.png; path = "third_selected@2x.png"; sourceTree = "<group>"; };
		2755DA8E1E5C144700C75656 /* loginViewController.h */ = {isa = PBXFileReference; fileEncoding = 4; lastKnownFileType = sourcecode.c.h; path = loginViewController.h; sourceTree = "<group>"; };
		2755DA8F1E5C144700C75656 /* loginViewController.m */ = {isa = PBXFileReference; fileEncoding = 4; lastKnownFileType = sourcecode.c.objc; path = loginViewController.m; sourceTree = "<group>"; };
		38A9AE1AE207D4E6A4096484 /* libPods-milier.a */ = {isa = PBXFileReference; explicitFileType = archive.ar; includeInIndex = 0; path = "libPods-milier.a"; sourceTree = BUILT_PRODUCTS_DIR; };
		5BC7B53BC558D2F9E2E072C7 /* Pods-milier.release.xcconfig */ = {isa = PBXFileReference; includeInIndex = 1; lastKnownFileType = text.xcconfig; name = "Pods-milier.release.xcconfig"; path = "Pods/Target Support Files/Pods-milier/Pods-milier.release.xcconfig"; sourceTree = "<group>"; };
/* End PBXFileReference section */

/* Begin PBXFrameworksBuildPhase section */
		271288CF1E5A9FBC00DCB546 /* Frameworks */ = {
			isa = PBXFrameworksBuildPhase;
			buildActionMask = 2147483647;
			files = (
				4ABB668C076DC3E8F9BC022E /* libPods-milier.a in Frameworks */,
			);
			runOnlyForDeploymentPostprocessing = 0;
		};
		271288E81E5A9FBC00DCB546 /* Frameworks */ = {
			isa = PBXFrameworksBuildPhase;
			buildActionMask = 2147483647;
			files = (
			);
			runOnlyForDeploymentPostprocessing = 0;
		};
		271288F31E5A9FBC00DCB546 /* Frameworks */ = {
			isa = PBXFrameworksBuildPhase;
			buildActionMask = 2147483647;
			files = (
			);
			runOnlyForDeploymentPostprocessing = 0;
		};
/* End PBXFrameworksBuildPhase section */

/* Begin PBXGroup section */
		271288C91E5A9FBC00DCB546 = {
			isa = PBXGroup;
			children = (
				271288D41E5A9FBC00DCB546 /* milier */,
				271288EE1E5A9FBC00DCB546 /* milierTests */,
				271288F91E5A9FBC00DCB546 /* milierUITests */,
				271288D31E5A9FBC00DCB546 /* Products */,
				D8332EA308DC35AE2B97DA66 /* Pods */,
				DB70E0B8035B481E7D1FD22D /* Frameworks */,
			);
			sourceTree = "<group>";
		};
		271288D31E5A9FBC00DCB546 /* Products */ = {
			isa = PBXGroup;
			children = (
				271288D21E5A9FBC00DCB546 /* milier.app */,
				271288EB1E5A9FBC00DCB546 /* milierTests.xctest */,
				271288F61E5A9FBC00DCB546 /* milierUITests.xctest */,
			);
			name = Products;
			sourceTree = "<group>";
		};
		271288D41E5A9FBC00DCB546 /* milier */ = {
			isa = PBXGroup;
			children = (
				2755DA531E5BCEF200C75656 /* center */,
				271288D81E5A9FBC00DCB546 /* AppDelegate.h */,
				271288D91E5A9FBC00DCB546 /* AppDelegate.m */,
				271288DE1E5A9FBC00DCB546 /* Main.storyboard */,
				271288E11E5A9FBC00DCB546 /* Assets.xcassets */,
				271288E31E5A9FBC00DCB546 /* LaunchScreen.storyboard */,
				271288E61E5A9FBC00DCB546 /* Info.plist */,
				271288D51E5A9FBC00DCB546 /* Supporting Files */,
			);
			path = milier;
			sourceTree = "<group>";
		};
		271288D51E5A9FBC00DCB546 /* Supporting Files */ = {
			isa = PBXGroup;
			children = (
				271288D61E5A9FBC00DCB546 /* main.m */,
			);
			name = "Supporting Files";
			sourceTree = "<group>";
		};
		271288EE1E5A9FBC00DCB546 /* milierTests */ = {
			isa = PBXGroup;
			children = (
				271288EF1E5A9FBC00DCB546 /* milierTests.m */,
				271288F11E5A9FBC00DCB546 /* Info.plist */,
			);
			path = milierTests;
			sourceTree = "<group>";
		};
		271288F91E5A9FBC00DCB546 /* milierUITests */ = {
			isa = PBXGroup;
			children = (
				271288FA1E5A9FBC00DCB546 /* milierUITests.m */,
				271288FC1E5A9FBC00DCB546 /* Info.plist */,
			);
			path = milierUITests;
			sourceTree = "<group>";
		};
		2755DA531E5BCEF200C75656 /* center */ = {
			isa = PBXGroup;
			children = (
				2755DA8D1E5C143500C75656 /* root */,
				2755DA641E5BD45500C75656 /* Images */,
				2755DA541E5BCF0F00C75656 /* second */,
				2755DA571E5BCF5700C75656 /* four */,
				2755DA561E5BCF4F00C75656 /* third */,
				2755DA551E5BCF2F00C75656 /* first */,
			);
			name = center;
			sourceTree = "<group>";
		};
		2755DA541E5BCF0F00C75656 /* second */ = {
			isa = PBXGroup;
			children = (
				2755DA5B1E5BD00600C75656 /* SecondViewController.h */,
				2755DA5C1E5BD00600C75656 /* SecondViewController.m */,
			);
			name = second;
			sourceTree = "<group>";
		};
		2755DA551E5BCF2F00C75656 /* first */ = {
			isa = PBXGroup;
			children = (
				2755DA581E5BCFEF00C75656 /* FirstViewController.h */,
				2755DA591E5BCFEF00C75656 /* FirstViewController.m */,
			);
			name = first;
			sourceTree = "<group>";
		};
		2755DA561E5BCF4F00C75656 /* third */ = {
			isa = PBXGroup;
			children = (
				2755DA5E1E5BD01800C75656 /* ThirdViewController.h */,
				2755DA5F1E5BD01800C75656 /* ThirdViewController.m */,
			);
			name = third;
			sourceTree = "<group>";
		};
		2755DA571E5BCF5700C75656 /* four */ = {
			isa = PBXGroup;
			children = (
				2755DA611E5BD02700C75656 /* FourViewController.h */,
				2755DA621E5BD02700C75656 /* FourViewController.m */,
			);
			name = four;
			sourceTree = "<group>";
		};
		2755DA641E5BD45500C75656 /* Images */ = {
			isa = PBXGroup;
			children = (
				2755DA651E5BD45500C75656 /* first_normal.png */,
				2755DA661E5BD45500C75656 /* first_normal@2x.png */,
				2755DA671E5BD45500C75656 /* first_selected.png */,
				2755DA681E5BD45500C75656 /* first_selected@2x.png */,
				2755DA691E5BD45500C75656 /* navigationbar_background.png */,
				2755DA6A1E5BD45500C75656 /* navigationbar_background@2x.png */,
				2755DA6B1E5BD45500C75656 /* navigationbar_background_tall.png */,
				2755DA6C1E5BD45500C75656 /* navigationbar_background_tall@2x.png */,
				2755DA6D1E5BD45500C75656 /* second_normal.png */,
				2755DA6E1E5BD45500C75656 /* second_normal@2x.png */,
				2755DA6F1E5BD45500C75656 /* second_selected.png */,
				2755DA701E5BD45500C75656 /* second_selected@2x.png */,
				2755DA711E5BD45500C75656 /* tabbar_normal_background.png */,
				2755DA721E5BD45500C75656 /* tabbar_normal_background@2x.png */,
				2755DA731E5BD45500C75656 /* tabbar_selected_background.png */,
				2755DA741E5BD45500C75656 /* tabbar_selected_background@2x.png */,
				2755DA751E5BD45500C75656 /* third_normal.png */,
				2755DA761E5BD45500C75656 /* third_normal@2x.png */,
				2755DA771E5BD45500C75656 /* third_selected.png */,
				2755DA781E5BD45500C75656 /* third_selected@2x.png */,
			);
			path = Images;
			sourceTree = "<group>";
		};
		2755DA8D1E5C143500C75656 /* root */ = {
			isa = PBXGroup;
			children = (
				2755DA8E1E5C144700C75656 /* loginViewController.h */,
				2755DA8F1E5C144700C75656 /* loginViewController.m */,
			);
			name = root;
			sourceTree = "<group>";
		};
		D8332EA308DC35AE2B97DA66 /* Pods */ = {
			isa = PBXGroup;
			children = (
				11FB59BCACF319A9D7ADE77E /* Pods-milier.debug.xcconfig */,
				5BC7B53BC558D2F9E2E072C7 /* Pods-milier.release.xcconfig */,
			);
			name = Pods;
			sourceTree = "<group>";
		};
		DB70E0B8035B481E7D1FD22D /* Frameworks */ = {
			isa = PBXGroup;
			children = (
				38A9AE1AE207D4E6A4096484 /* libPods-milier.a */,
			);
			name = Frameworks;
			sourceTree = "<group>";
		};
/* End PBXGroup section */

/* Begin PBXNativeTarget section */
		271288D11E5A9FBC00DCB546 /* milier */ = {
			isa = PBXNativeTarget;
			buildConfigurationList = 271288FF1E5A9FBC00DCB546 /* Build configuration list for PBXNativeTarget "milier" */;
			buildPhases = (
				88317105010854F28C357173 /* [CP] Check Pods Manifest.lock */,
				271288CE1E5A9FBC00DCB546 /* Sources */,
				271288CF1E5A9FBC00DCB546 /* Frameworks */,
				271288D01E5A9FBC00DCB546 /* Resources */,
				319A77C19331A83C80120945 /* [CP] Embed Pods Frameworks */,
				A97FF5521D72BE189D67BEC7 /* [CP] Copy Pods Resources */,
			);
			buildRules = (
			);
			dependencies = (
			);
			name = milier;
			productName = milier;
			productReference = 271288D21E5A9FBC00DCB546 /* milier.app */;
			productType = "com.apple.product-type.application";
		};
		271288EA1E5A9FBC00DCB546 /* milierTests */ = {
			isa = PBXNativeTarget;
			buildConfigurationList = 271289021E5A9FBC00DCB546 /* Build configuration list for PBXNativeTarget "milierTests" */;
			buildPhases = (
				271288E71E5A9FBC00DCB546 /* Sources */,
				271288E81E5A9FBC00DCB546 /* Frameworks */,
				271288E91E5A9FBC00DCB546 /* Resources */,
			);
			buildRules = (
			);
			dependencies = (
				271288ED1E5A9FBC00DCB546 /* PBXTargetDependency */,
			);
			name = milierTests;
			productName = milierTests;
			productReference = 271288EB1E5A9FBC00DCB546 /* milierTests.xctest */;
			productType = "com.apple.product-type.bundle.unit-test";
		};
		271288F51E5A9FBC00DCB546 /* milierUITests */ = {
			isa = PBXNativeTarget;
			buildConfigurationList = 271289051E5A9FBC00DCB546 /* Build configuration list for PBXNativeTarget "milierUITests" */;
			buildPhases = (
				271288F21E5A9FBC00DCB546 /* Sources */,
				271288F31E5A9FBC00DCB546 /* Frameworks */,
				271288F41E5A9FBC00DCB546 /* Resources */,
			);
			buildRules = (
			);
			dependencies = (
				271288F81E5A9FBC00DCB546 /* PBXTargetDependency */,
			);
			name = milierUITests;
			productName = milierUITests;
			productReference = 271288F61E5A9FBC00DCB546 /* milierUITests.xctest */;
			productType = "com.apple.product-type.bundle.ui-testing";
		};
/* End PBXNativeTarget section */

/* Begin PBXProject section */
		271288CA1E5A9FBC00DCB546 /* Project object */ = {
			isa = PBXProject;
			attributes = {
				LastUpgradeCheck = 0820;
				ORGANIZATIONNAME = yj;
				TargetAttributes = {
					271288D11E5A9FBC00DCB546 = {
						CreatedOnToolsVersion = 8.2.1;
						ProvisioningStyle = Automatic;
					};
					271288EA1E5A9FBC00DCB546 = {
						CreatedOnToolsVersion = 8.2.1;
						ProvisioningStyle = Automatic;
						TestTargetID = 271288D11E5A9FBC00DCB546;
					};
					271288F51E5A9FBC00DCB546 = {
						CreatedOnToolsVersion = 8.2.1;
						ProvisioningStyle = Automatic;
						TestTargetID = 271288D11E5A9FBC00DCB546;
					};
				};
			};
			buildConfigurationList = 271288CD1E5A9FBC00DCB546 /* Build configuration list for PBXProject "milier" */;
			compatibilityVersion = "Xcode 3.2";
			developmentRegion = English;
			hasScannedForEncodings = 0;
			knownRegions = (
				en,
				Base,
			);
			mainGroup = 271288C91E5A9FBC00DCB546;
			productRefGroup = 271288D31E5A9FBC00DCB546 /* Products */;
			projectDirPath = "";
			projectRoot = "";
			targets = (
				271288D11E5A9FBC00DCB546 /* milier */,
				271288EA1E5A9FBC00DCB546 /* milierTests */,
				271288F51E5A9FBC00DCB546 /* milierUITests */,
			);
		};
/* End PBXProject section */

/* Begin PBXResourcesBuildPhase section */
		271288D01E5A9FBC00DCB546 /* Resources */ = {
			isa = PBXResourcesBuildPhase;
			buildActionMask = 2147483647;
			files = (
				2755DA831E5BD45500C75656 /* second_selected.png in Resources */,
				2755DA841E5BD45500C75656 /* second_selected@2x.png in Resources */,
				2755DA891E5BD45500C75656 /* third_normal.png in Resources */,
				2755DA881E5BD45500C75656 /* tabbar_selected_background@2x.png in Resources */,
				2755DA871E5BD45500C75656 /* tabbar_selected_background.png in Resources */,
				2755DA851E5BD45500C75656 /* tabbar_normal_background.png in Resources */,
				2755DA8B1E5BD45500C75656 /* third_selected.png in Resources */,
				271288E51E5A9FBC00DCB546 /* LaunchScreen.storyboard in Resources */,
				271288E21E5A9FBC00DCB546 /* Assets.xcassets in Resources */,
				2755DA8A1E5BD45500C75656 /* third_normal@2x.png in Resources */,
				2755DA7F1E5BD45500C75656 /* navigationbar_background_tall.png in Resources */,
				2755DA801E5BD45500C75656 /* navigationbar_background_tall@2x.png in Resources */,
				2755DA7A1E5BD45500C75656 /* first_normal@2x.png in Resources */,
				2755DA7D1E5BD45500C75656 /* navigationbar_background.png in Resources */,
				2755DA7B1E5BD45500C75656 /* first_selected.png in Resources */,
				2755DA7E1E5BD45500C75656 /* navigationbar_background@2x.png in Resources */,
				2755DA811E5BD45500C75656 /* second_normal.png in Resources */,
				2755DA861E5BD45500C75656 /* tabbar_normal_background@2x.png in Resources */,
				2755DA821E5BD45500C75656 /* second_normal@2x.png in Resources */,
				2755DA7C1E5BD45500C75656 /* first_selected@2x.png in Resources */,
				2755DA8C1E5BD45500C75656 /* third_selected@2x.png in Resources */,
				271288E01E5A9FBC00DCB546 /* Main.storyboard in Resources */,
				2755DA791E5BD45500C75656 /* first_normal.png in Resources */,
			);
			runOnlyForDeploymentPostprocessing = 0;
		};
		271288E91E5A9FBC00DCB546 /* Resources */ = {
			isa = PBXResourcesBuildPhase;
			buildActionMask = 2147483647;
			files = (
			);
			runOnlyForDeploymentPostprocessing = 0;
		};
		271288F41E5A9FBC00DCB546 /* Resources */ = {
			isa = PBXResourcesBuildPhase;
			buildActionMask = 2147483647;
			files = (
			);
			runOnlyForDeploymentPostprocessing = 0;
		};
/* End PBXResourcesBuildPhase section */

/* Begin PBXShellScriptBuildPhase section */
		319A77C19331A83C80120945 /* [CP] Embed Pods Frameworks */ = {
			isa = PBXShellScriptBuildPhase;
			buildActionMask = 2147483647;
			files = (
			);
			inputPaths = (
			);
			name = "[CP] Embed Pods Frameworks";
			outputPaths = (
			);
			runOnlyForDeploymentPostprocessing = 0;
			shellPath = /bin/sh;
			shellScript = "\"${SRCROOT}/Pods/Target Support Files/Pods-milier/Pods-milier-frameworks.sh\"\n";
			showEnvVarsInLog = 0;
		};
		88317105010854F28C357173 /* [CP] Check Pods Manifest.lock */ = {
			isa = PBXShellScriptBuildPhase;
			buildActionMask = 2147483647;
			files = (
			);
			inputPaths = (
			);
			name = "[CP] Check Pods Manifest.lock";
			outputPaths = (
			);
			runOnlyForDeploymentPostprocessing = 0;
			shellPath = /bin/sh;
			shellScript = "diff \"${PODS_ROOT}/../Podfile.lock\" \"${PODS_ROOT}/Manifest.lock\" > /dev/null\nif [ $? != 0 ] ; then\n    # print error to STDERR\n    echo \"error: The sandbox is not in sync with the Podfile.lock. Run 'pod install' or update your CocoaPods installation.\" >&2\n    exit 1\nfi\n";
			showEnvVarsInLog = 0;
		};
		A97FF5521D72BE189D67BEC7 /* [CP] Copy Pods Resources */ = {
			isa = PBXShellScriptBuildPhase;
			buildActionMask = 2147483647;
			files = (
			);
			inputPaths = (
			);
			name = "[CP] Copy Pods Resources";
			outputPaths = (
			);
			runOnlyForDeploymentPostprocessing = 0;
			shellPath = /bin/sh;
			shellScript = "\"${SRCROOT}/Pods/Target Support Files/Pods-milier/Pods-milier-resources.sh\"\n";
			showEnvVarsInLog = 0;
		};
/* End PBXShellScriptBuildPhase section */

/* Begin PBXSourcesBuildPhase section */
		271288CE1E5A9FBC00DCB546 /* Sources */ = {
			isa = PBXSourcesBuildPhase;
			buildActionMask = 2147483647;
			files = (
				2755DA631E5BD02700C75656 /* FourViewController.m in Sources */,
				2755DA5D1E5BD00600C75656 /* SecondViewController.m in Sources */,
				2755DA601E5BD01800C75656 /* ThirdViewController.m in Sources */,
				2755DA901E5C144700C75656 /* loginViewController.m in Sources */,
				271288DA1E5A9FBC00DCB546 /* AppDelegate.m in Sources */,
				271288D71E5A9FBC00DCB546 /* main.m in Sources */,
				2755DA5A1E5BCFEF00C75656 /* FirstViewController.m in Sources */,
			);
			runOnlyForDeploymentPostprocessing = 0;
		};
		271288E71E5A9FBC00DCB546 /* Sources */ = {
			isa = PBXSourcesBuildPhase;
			buildActionMask = 2147483647;
			files = (
				271288F01E5A9FBC00DCB546 /* milierTests.m in Sources */,
			);
			runOnlyForDeploymentPostprocessing = 0;
		};
		271288F21E5A9FBC00DCB546 /* Sources */ = {
			isa = PBXSourcesBuildPhase;
			buildActionMask = 2147483647;
			files = (
				271288FB1E5A9FBC00DCB546 /* milierUITests.m in Sources */,
			);
			runOnlyForDeploymentPostprocessing = 0;
		};
/* End PBXSourcesBuildPhase section */

/* Begin PBXTargetDependency section */
		271288ED1E5A9FBC00DCB546 /* PBXTargetDependency */ = {
			isa = PBXTargetDependency;
			target = 271288D11E5A9FBC00DCB546 /* milier */;
			targetProxy = 271288EC1E5A9FBC00DCB546 /* PBXContainerItemProxy */;
		};
		271288F81E5A9FBC00DCB546 /* PBXTargetDependency */ = {
			isa = PBXTargetDependency;
			target = 271288D11E5A9FBC00DCB546 /* milier */;
			targetProxy = 271288F71E5A9FBC00DCB546 /* PBXContainerItemProxy */;
		};
/* End PBXTargetDependency section */

/* Begin PBXVariantGroup section */
		271288DE1E5A9FBC00DCB546 /* Main.storyboard */ = {
			isa = PBXVariantGroup;
			children = (
				271288DF1E5A9FBC00DCB546 /* Base */,
			);
			name = Main.storyboard;
			sourceTree = "<group>";
		};
		271288E31E5A9FBC00DCB546 /* LaunchScreen.storyboard */ = {
			isa = PBXVariantGroup;
			children = (
				271288E41E5A9FBC00DCB546 /* Base */,
			);
			name = LaunchScreen.storyboard;
			sourceTree = "<group>";
		};
/* End PBXVariantGroup section */

/* Begin XCBuildConfiguration section */
		271288FD1E5A9FBC00DCB546 /* Debug */ = {
			isa = XCBuildConfiguration;
			buildSettings = {
				ALWAYS_SEARCH_USER_PATHS = NO;
				CLANG_ANALYZER_NONNULL = YES;
				CLANG_CXX_LANGUAGE_STANDARD = "gnu++0x";
				CLANG_CXX_LIBRARY = "libc++";
				CLANG_ENABLE_MODULES = YES;
				CLANG_ENABLE_OBJC_ARC = YES;
				CLANG_WARN_BOOL_CONVERSION = YES;
				CLANG_WARN_CONSTANT_CONVERSION = YES;
				CLANG_WARN_DIRECT_OBJC_ISA_USAGE = YES_ERROR;
				CLANG_WARN_DOCUMENTATION_COMMENTS = YES;
				CLANG_WARN_EMPTY_BODY = YES;
				CLANG_WARN_ENUM_CONVERSION = YES;
				CLANG_WARN_INFINITE_RECURSION = YES;
				CLANG_WARN_INT_CONVERSION = YES;
				CLANG_WARN_OBJC_ROOT_CLASS = YES_ERROR;
				CLANG_WARN_SUSPICIOUS_MOVE = YES;
				CLANG_WARN_UNREACHABLE_CODE = YES;
				CLANG_WARN__DUPLICATE_METHOD_MATCH = YES;
				"CODE_SIGN_IDENTITY[sdk=iphoneos*]" = "iPhone Developer";
				COPY_PHASE_STRIP = NO;
				DEBUG_INFORMATION_FORMAT = dwarf;
				ENABLE_STRICT_OBJC_MSGSEND = YES;
				ENABLE_TESTABILITY = YES;
				GCC_C_LANGUAGE_STANDARD = gnu99;
				GCC_DYNAMIC_NO_PIC = NO;
				GCC_NO_COMMON_BLOCKS = YES;
				GCC_OPTIMIZATION_LEVEL = 0;
				GCC_PREPROCESSOR_DEFINITIONS = (
					"DEBUG=1",
					"$(inherited)",
				);
				GCC_WARN_64_TO_32_BIT_CONVERSION = YES;
				GCC_WARN_ABOUT_RETURN_TYPE = YES_ERROR;
				GCC_WARN_UNDECLARED_SELECTOR = YES;
				GCC_WARN_UNINITIALIZED_AUTOS = YES_AGGRESSIVE;
				GCC_WARN_UNUSED_FUNCTION = YES;
				GCC_WARN_UNUSED_VARIABLE = YES;
				IPHONEOS_DEPLOYMENT_TARGET = 10.2;
				MTL_ENABLE_DEBUG_INFO = YES;
				ONLY_ACTIVE_ARCH = YES;
				SDKROOT = iphoneos;
			};
			name = Debug;
		};
		271288FE1E5A9FBC00DCB546 /* Release */ = {
			isa = XCBuildConfiguration;
			buildSettings = {
				ALWAYS_SEARCH_USER_PATHS = NO;
				CLANG_ANALYZER_NONNULL = YES;
				CLANG_CXX_LANGUAGE_STANDARD = "gnu++0x";
				CLANG_CXX_LIBRARY = "libc++";
				CLANG_ENABLE_MODULES = YES;
				CLANG_ENABLE_OBJC_ARC = YES;
				CLANG_WARN_BOOL_CONVERSION = YES;
				CLANG_WARN_CONSTANT_CONVERSION = YES;
				CLANG_WARN_DIRECT_OBJC_ISA_USAGE = YES_ERROR;
				CLANG_WARN_DOCUMENTATION_COMMENTS = YES;
				CLANG_WARN_EMPTY_BODY = YES;
				CLANG_WARN_ENUM_CONVERSION = YES;
				CLANG_WARN_INFINITE_RECURSION = YES;
				CLANG_WARN_INT_CONVERSION = YES;
				CLANG_WARN_OBJC_ROOT_CLASS = YES_ERROR;
				CLANG_WARN_SUSPICIOUS_MOVE = YES;
				CLANG_WARN_UNREACHABLE_CODE = YES;
				CLANG_WARN__DUPLICATE_METHOD_MATCH = YES;
				"CODE_SIGN_IDENTITY[sdk=iphoneos*]" = "iPhone Developer";
				COPY_PHASE_STRIP = NO;
				DEBUG_INFORMATION_FORMAT = "dwarf-with-dsym";
				ENABLE_NS_ASSERTIONS = NO;
				ENABLE_STRICT_OBJC_MSGSEND = YES;
				GCC_C_LANGUAGE_STANDARD = gnu99;
				GCC_NO_COMMON_BLOCKS = YES;
				GCC_WARN_64_TO_32_BIT_CONVERSION = YES;
				GCC_WARN_ABOUT_RETURN_TYPE = YES_ERROR;
				GCC_WARN_UNDECLARED_SELECTOR = YES;
				GCC_WARN_UNINITIALIZED_AUTOS = YES_AGGRESSIVE;
				GCC_WARN_UNUSED_FUNCTION = YES;
				GCC_WARN_UNUSED_VARIABLE = YES;
				IPHONEOS_DEPLOYMENT_TARGET = 10.2;
				MTL_ENABLE_DEBUG_INFO = NO;
				SDKROOT = iphoneos;
				VALIDATE_PRODUCT = YES;
			};
			name = Release;
		};
		271289001E5A9FBC00DCB546 /* Debug */ = {
			isa = XCBuildConfiguration;
			baseConfigurationReference = 11FB59BCACF319A9D7ADE77E /* Pods-milier.debug.xcconfig */;
			buildSettings = {
				ASSETCATALOG_COMPILER_APPICON_NAME = AppIcon;
				INFOPLIST_FILE = milier/Info.plist;
				LD_RUNPATH_SEARCH_PATHS = "$(inherited) @executable_path/Frameworks";
				PRODUCT_BUNDLE_IDENTIFIER = com.milier.milier.milier;
				PRODUCT_NAME = "$(TARGET_NAME)";
			};
			name = Debug;
		};
		271289011E5A9FBC00DCB546 /* Release */ = {
			isa = XCBuildConfiguration;
			baseConfigurationReference = 5BC7B53BC558D2F9E2E072C7 /* Pods-milier.release.xcconfig */;
			buildSettings = {
				ASSETCATALOG_COMPILER_APPICON_NAME = AppIcon;
				INFOPLIST_FILE = milier/Info.plist;
				LD_RUNPATH_SEARCH_PATHS = "$(inherited) @executable_path/Frameworks";
				PRODUCT_BUNDLE_IDENTIFIER = com.milier.milier.milier;
				PRODUCT_NAME = "$(TARGET_NAME)";
			};
			name = Release;
		};
		271289031E5A9FBC00DCB546 /* Debug */ = {
			isa = XCBuildConfiguration;
			buildSettings = {
				BUNDLE_LOADER = "$(TEST_HOST)";
				INFOPLIST_FILE = milierTests/Info.plist;
				LD_RUNPATH_SEARCH_PATHS = "$(inherited) @executable_path/Frameworks @loader_path/Frameworks";
				PRODUCT_BUNDLE_IDENTIFIER = com.milier.milier.milierTests;
				PRODUCT_NAME = "$(TARGET_NAME)";
				TEST_HOST = "$(BUILT_PRODUCTS_DIR)/milier.app/milier";
			};
			name = Debug;
		};
		271289041E5A9FBC00DCB546 /* Release */ = {
			isa = XCBuildConfiguration;
			buildSettings = {
				BUNDLE_LOADER = "$(TEST_HOST)";
				INFOPLIST_FILE = milierTests/Info.plist;
				LD_RUNPATH_SEARCH_PATHS = "$(inherited) @executable_path/Frameworks @loader_path/Frameworks";
				PRODUCT_BUNDLE_IDENTIFIER = com.milier.milier.milierTests;
				PRODUCT_NAME = "$(TARGET_NAME)";
				TEST_HOST = "$(BUILT_PRODUCTS_DIR)/milier.app/milier";
			};
			name = Release;
		};
		271289061E5A9FBC00DCB546 /* Debug */ = {
			isa = XCBuildConfiguration;
			buildSettings = {
				INFOPLIST_FILE = milierUITests/Info.plist;
				LD_RUNPATH_SEARCH_PATHS = "$(inherited) @executable_path/Frameworks @loader_path/Frameworks";
				PRODUCT_BUNDLE_IDENTIFIER = com.milier.milier.milierUITests;
				PRODUCT_NAME = "$(TARGET_NAME)";
				TEST_TARGET_NAME = milier;
			};
			name = Debug;
		};
		271289071E5A9FBC00DCB546 /* Release */ = {
			isa = XCBuildConfiguration;
			buildSettings = {
				INFOPLIST_FILE = milierUITests/Info.plist;
				LD_RUNPATH_SEARCH_PATHS = "$(inherited) @executable_path/Frameworks @loader_path/Frameworks";
				PRODUCT_BUNDLE_IDENTIFIER = com.milier.milier.milierUITests;
				PRODUCT_NAME = "$(TARGET_NAME)";
				TEST_TARGET_NAME = milier;
			};
			name = Release;
		};
/* End XCBuildConfiguration section */

/* Begin XCConfigurationList section */
		271288CD1E5A9FBC00DCB546 /* Build configuration list for PBXProject "milier" */ = {
			isa = XCConfigurationList;
			buildConfigurations = (
				271288FD1E5A9FBC00DCB546 /* Debug */,
				271288FE1E5A9FBC00DCB546 /* Release */,
			);
			defaultConfigurationIsVisible = 0;
			defaultConfigurationName = Release;
		};
		271288FF1E5A9FBC00DCB546 /* Build configuration list for PBXNativeTarget "milier" */ = {
			isa = XCConfigurationList;
			buildConfigurations = (
				271289001E5A9FBC00DCB546 /* Debug */,
				271289011E5A9FBC00DCB546 /* Release */,
			);
			defaultConfigurationIsVisible = 0;
			defaultConfigurationName = Release;
		};
		271289021E5A9FBC00DCB546 /* Build configuration list for PBXNativeTarget "milierTests" */ = {
			isa = XCConfigurationList;
			buildConfigurations = (
				271289031E5A9FBC00DCB546 /* Debug */,
				271289041E5A9FBC00DCB546 /* Release */,
			);
			defaultConfigurationIsVisible = 0;
			defaultConfigurationName = Release;
		};
		271289051E5A9FBC00DCB546 /* Build configuration list for PBXNativeTarget "milierUITests" */ = {
			isa = XCConfigurationList;
			buildConfigurations = (
				271289061E5A9FBC00DCB546 /* Debug */,
				271289071E5A9FBC00DCB546 /* Release */,
			);
			defaultConfigurationIsVisible = 0;
			defaultConfigurationName = Release;
		};
/* End XCConfigurationList section */
	};
	rootObject = 271288CA1E5A9FBC00DCB546 /* Project object */;
}
